// !$*UTF8*$!
{
	archiveVersion = 1;
	classes = {
	};
	objectVersion = 50;
	objects = {

/* Begin PBXBuildFile section */
		8090D41E26AB7E9B00CD7BBD /* AppDelegate.swift in Sources */ = {isa = PBXBuildFile; fileRef = 8090D41D26AB7E9B00CD7BBD /* AppDelegate.swift */; };
		8090D42026AB7E9B00CD7BBD /* SceneDelegate.swift in Sources */ = {isa = PBXBuildFile; fileRef = 8090D41F26AB7E9B00CD7BBD /* SceneDelegate.swift */; };
		8090D42226AB7E9B00CD7BBD /* ViewController.swift in Sources */ = {isa = PBXBuildFile; fileRef = 8090D42126AB7E9B00CD7BBD /* ViewController.swift */; };
		8090D42526AB7E9B00CD7BBD /* Main.storyboard in Resources */ = {isa = PBXBuildFile; fileRef = 8090D42326AB7E9B00CD7BBD /* Main.storyboard */; };
		8090D42726AB7E9C00CD7BBD /* Assets.xcassets in Resources */ = {isa = PBXBuildFile; fileRef = 8090D42626AB7E9C00CD7BBD /* Assets.xcassets */; };
		8090D42A26AB7E9C00CD7BBD /* LaunchScreen.storyboard in Resources */ = {isa = PBXBuildFile; fileRef = 8090D42826AB7E9C00CD7BBD /* LaunchScreen.storyboard */; };
		8090D43326AB7EA700CD7BBD /* Tile.swift in Sources */ = {isa = PBXBuildFile; fileRef = 8090D43226AB7EA700CD7BBD /* Tile.swift */; };
		8090D43626AB7EAB00CD7BBD /* Grid.swift in Sources */ = {isa = PBXBuildFile; fileRef = 8090D43526AB7EAB00CD7BBD /* Grid.swift */; };
		8090D43926AB811400CD7BBD /* Game.swift in Sources */ = {isa = PBXBuildFile; fileRef = 8090D43826AB811400CD7BBD /* Game.swift */; };
/* End PBXBuildFile section */

/* Begin PBXFileReference section */
		8090D41A26AB7E9B00CD7BBD /* FallBlocks2.app */ = {isa = PBXFileReference; explicitFileType = wrapper.application; includeInIndex = 0; path = FallBlocks2.app; sourceTree = BUILT_PRODUCTS_DIR; };
		8090D41D26AB7E9B00CD7BBD /* AppDelegate.swift */ = {isa = PBXFileReference; lastKnownFileType = sourcecode.swift; path = AppDelegate.swift; sourceTree = "<group>"; };
		8090D41F26AB7E9B00CD7BBD /* SceneDelegate.swift */ = {isa = PBXFileReference; lastKnownFileType = sourcecode.swift; path = SceneDelegate.swift; sourceTree = "<group>"; };
		8090D42126AB7E9B00CD7BBD /* ViewController.swift */ = {isa = PBXFileReference; lastKnownFileType = sourcecode.swift; path = ViewController.swift; sourceTree = "<group>"; };
		8090D42426AB7E9B00CD7BBD /* Base */ = {isa = PBXFileReference; lastKnownFileType = file.storyboard; name = Base; path = Base.lproj/Main.storyboard; sourceTree = "<group>"; };
		8090D42626AB7E9C00CD7BBD /* Assets.xcassets */ = {isa = PBXFileReference; lastKnownFileType = folder.assetcatalog; path = Assets.xcassets; sourceTree = "<group>"; };
		8090D42926AB7E9C00CD7BBD /* Base */ = {isa = PBXFileReference; lastKnownFileType = file.storyboard; name = Base; path = Base.lproj/LaunchScreen.storyboard; sourceTree = "<group>"; };
		8090D42B26AB7E9C00CD7BBD /* Info.plist */ = {isa = PBXFileReference; lastKnownFileType = text.plist.xml; path = Info.plist; sourceTree = "<group>"; };
		8090D43226AB7EA700CD7BBD /* Tile.swift */ = {isa = PBXFileReference; fileEncoding = 4; lastKnownFileType = sourcecode.swift; path = Tile.swift; sourceTree = "<group>"; };
		8090D43526AB7EAB00CD7BBD /* Grid.swift */ = {isa = PBXFileReference; fileEncoding = 4; lastKnownFileType = sourcecode.swift; path = Grid.swift; sourceTree = "<group>"; };
		8090D43826AB811400CD7BBD /* Game.swift */ = {isa = PBXFileReference; lastKnownFileType = sourcecode.swift; path = Game.swift; sourceTree = "<group>"; };
/* End PBXFileReference section */

/* Begin PBXFrameworksBuildPhase section */
		8090D41726AB7E9B00CD7BBD /* Frameworks */ = {
			isa = PBXFrameworksBuildPhase;
			buildActionMask = 2147483647;
			files = (
			);
			runOnlyForDeploymentPostprocessing = 0;
		};
/* End PBXFrameworksBuildPhase section */

/* Begin PBXGroup section */
		8090D41126AB7E9A00CD7BBD = {
			isa = PBXGroup;
			children = (
				8090D41C26AB7E9B00CD7BBD /* FallBlocks2 */,
				8090D41B26AB7E9B00CD7BBD /* Products */,
			);
			sourceTree = "<group>";
		};
		8090D41B26AB7E9B00CD7BBD /* Products */ = {
			isa = PBXGroup;
			children = (
				8090D41A26AB7E9B00CD7BBD /* FallBlocks2.app */,
			);
			name = Products;
			sourceTree = "<group>";
		};
		8090D41C26AB7E9B00CD7BBD /* FallBlocks2 */ = {
			isa = PBXGroup;
			children = (
				8090D41D26AB7E9B00CD7BBD /* AppDelegate.swift */,
				8090D41F26AB7E9B00CD7BBD /* SceneDelegate.swift */,
				8090D42126AB7E9B00CD7BBD /* ViewController.swift */,
				8090D43226AB7EA700CD7BBD /* Tile.swift */,
				8090D43526AB7EAB00CD7BBD /* Grid.swift */,
				8090D43826AB811400CD7BBD /* Game.swift */,
				8090D42326AB7E9B00CD7BBD /* Main.storyboard */,
				8090D42626AB7E9C00CD7BBD /* Assets.xcassets */,
				8090D42826AB7E9C00CD7BBD /* LaunchScreen.storyboard */,
				8090D42B26AB7E9C00CD7BBD /* Info.plist */,
			);
			path = FallBlocks2;
			sourceTree = "<group>";
		};
/* End PBXGroup section */

/* Begin PBXNativeTarget section */
		8090D41926AB7E9B00CD7BBD /* FallBlocks2 */ = {
			isa = PBXNativeTarget;
			buildConfigurationList = 8090D42E26AB7E9C00CD7BBD /* Build configuration list for PBXNativeTarget "FallBlocks2" */;
			buildPhases = (
				8090D41626AB7E9B00CD7BBD /* Sources */,
				8090D41726AB7E9B00CD7BBD /* Frameworks */,
				8090D41826AB7E9B00CD7BBD /* Resources */,
			);
			buildRules = (
			);
			dependencies = (
			);
			name = FallBlocks2;
			productName = FallBlocks2;
			productReference = 8090D41A26AB7E9B00CD7BBD /* FallBlocks2.app */;
			productType = "com.apple.product-type.application";
		};
/* End PBXNativeTarget section */

/* Begin PBXProject section */
		8090D41226AB7E9A00CD7BBD /* Project object */ = {
			isa = PBXProject;
			attributes = {
				LastSwiftUpdateCheck = 1230;
				LastUpgradeCheck = 1230;
				TargetAttributes = {
					8090D41926AB7E9B00CD7BBD = {
						CreatedOnToolsVersion = 12.3;
					};
				};
			};
			buildConfigurationList = 8090D41526AB7E9A00CD7BBD /* Build configuration list for PBXProject "FallBlocks2" */;
			compatibilityVersion = "Xcode 9.3";
			developmentRegion = en;
			hasScannedForEncodings = 0;
			knownRegions = (
				en,
				Base,
			);
			mainGroup = 8090D41126AB7E9A00CD7BBD;
			productRefGroup = 8090D41B26AB7E9B00CD7BBD /* Products */;
			projectDirPath = "";
			projectRoot = "";
			targets = (
				8090D41926AB7E9B00CD7BBD /* FallBlocks2 */,
			);
		};
/* End PBXProject section */

/* Begin PBXResourcesBuildPhase section */
		8090D41826AB7E9B00CD7BBD /* Resources */ = {
			isa = PBXResourcesBuildPhase;
			buildActionMask = 2147483647;
			files = (
				8090D42A26AB7E9C00CD7BBD /* LaunchScreen.storyboard in Resources */,
				8090D42726AB7E9C00CD7BBD /* Assets.xcassets in Resources */,
				8090D42526AB7E9B00CD7BBD /* Main.storyboard in Resources */,
			);
			runOnlyForDeploymentPostprocessing = 0;
		};
/* End PBXResourcesBuildPhase section */

/* Begin PBXSourcesBuildPhase section */
		8090D41626AB7E9B00CD7BBD /* Sources */ = {
			isa = PBXSourcesBuildPhase;
			buildActionMask = 2147483647;
			files = (
				8090D42226AB7E9B00CD7BBD /* ViewController.swift in Sources */,
				8090D43926AB811400CD7BBD /* Game.swift in Sources */,
				8090D41E26AB7E9B00CD7BBD /* AppDelegate.swift in Sources */,
				8090D42026AB7E9B00CD7BBD /* SceneDelegate.swift in Sources */,
				8090D43626AB7EAB00CD7BBD /* Grid.swift in Sources */,
				8090D43326AB7EA700CD7BBD /* Tile.swift in Sources */,
			);
			runOnlyForDeploymentPostprocessing = 0;
		};
/* End PBXSourcesBuildPhase section */

/* Begin PBXVariantGroup section */
		8090D42326AB7E9B00CD7BBD /* Main.storyboard */ = {
			isa = PBXVariantGroup;
			children = (
				8090D42426AB7E9B00CD7BBD /* Base */,
			);
			name = Main.storyboard;
			sourceTree = "<group>";
		};
		8090D42826AB7E9C00CD7BBD /* LaunchScreen.storyboard */ = {
			isa = PBXVariantGroup;
			children = (
				8090D42926AB7E9C00CD7BBD /* Base */,
			);
			name = LaunchScreen.storyboard;
			sourceTree = "<group>";
		};
/* End PBXVariantGroup section */

/* Begin XCBuildConfiguration section */
		8090D42C26AB7E9C00CD7BBD /* Debug */ = {
			isa = XCBuildConfiguration;
			buildSettings = {
				ALWAYS_SEARCH_USER_PATHS = NO;
				CLANG_ANALYZER_NONNULL = YES;
				CLANG_ANALYZER_NUMBER_OBJECT_CONVERSION = YES_AGGRESSIVE;
				CLANG_CXX_LANGUAGE_STANDARD = "gnu++14";
				CLANG_CXX_LIBRARY = "libc++";
				CLANG_ENABLE_MODULES = YES;
				CLANG_ENABLE_OBJC_ARC = YES;
				CLANG_ENABLE_OBJC_WEAK = YES;
				CLANG_WARN_BLOCK_CAPTURE_AUTORELEASING = YES;
				CLANG_WARN_BOOL_CONVERSION = YES;
				CLANG_WARN_COMMA = YES;
				CLANG_WARN_CONSTANT_CONVERSION = YES;
				CLANG_WARN_DEPRECATED_OBJC_IMPLEMENTATIONS = YES;
				CLANG_WARN_DIRECT_OBJC_ISA_USAGE = YES_ERROR;
				CLANG_WARN_DOCUMENTATION_COMMENTS = YES;
				CLANG_WARN_EMPTY_BODY = YES;
				CLANG_WARN_ENUM_CONVERSION = YES;
				CLANG_WARN_INFINITE_RECURSION = YES;
				CLANG_WARN_INT_CONVERSION = YES;
				CLANG_WARN_NON_LITERAL_NULL_CONVERSION = YES;
				CLANG_WARN_OBJC_IMPLICIT_RETAIN_SELF = YES;
				CLANG_WARN_OBJC_LITERAL_CONVERSION = YES;
				CLANG_WARN_OBJC_ROOT_CLASS = YES_ERROR;
				CLANG_WARN_QUOTED_INCLUDE_IN_FRAMEWORK_HEADER = YES;
				CLANG_WARN_RANGE_LOOP_ANALYSIS = YES;
				CLANG_WARN_STRICT_PROTOTYPES = YES;
				CLANG_WARN_SUSPICIOUS_MOVE = YES;
				CLANG_WARN_UNGUARDED_AVAILABILITY = YES_AGGRESSIVE;
				CLANG_WARN_UNREACHABLE_CODE = YES;
				CLANG_WARN__DUPLICATE_METHOD_MATCH = YES;
				COPY_PHASE_STRIP = NO;
				DEBUG_INFORMATION_FORMAT = dwarf;
				ENABLE_STRICT_OBJC_MSGSEND = YES;
				ENABLE_TESTABILITY = YES;
				GCC_C_LANGUAGE_STANDARD = gnu11;
				GCC_DYNAMIC_NO_PIC = NO;
				GCC_NO_COMMON_BLOCKS = YES;
				GCC_OPTIMIZATION_LEVEL = 0;
				GCC_PREPROCESSOR_DEFINITIONS = (
					"DEBUG=1",
					"$(inherited)",
				);
				GCC_WARN_64_TO_32_BIT_CONVERSION = YES;
				GCC_WARN_ABOUT_RETURN_TYPE = YES_ERROR;
				GCC_WARN_UNDECLARED_SELECTOR = YES;
				GCC_WARN_UNINITIALIZED_AUTOS = YES_AGGRESSIVE;
				GCC_WARN_UNUSED_FUNCTION = YES;
				GCC_WARN_UNUSED_VARIABLE = YES;
				IPHONEOS_DEPLOYMENT_TARGET = 14.3;
				MTL_ENABLE_DEBUG_INFO = INCLUDE_SOURCE;
				MTL_FAST_MATH = YES;
				ONLY_ACTIVE_ARCH = YES;
				SDKROOT = iphoneos;
				SWIFT_ACTIVE_COMPILATION_CONDITIONS = DEBUG;
				SWIFT_OPTIMIZATION_LEVEL = "-Onone";
			};
			name = Debug;
		};
		8090D42D26AB7E9C00CD7BBD /* Release */ = {
			isa = XCBuildConfiguration;
			buildSettings = {
				ALWAYS_SEARCH_USER_PATHS = NO;
				CLANG_ANALYZER_NONNULL = YES;
				CLANG_ANALYZER_NUMBER_OBJECT_CONVERSION = YES_AGGRESSIVE;
				CLANG_CXX_LANGUAGE_STANDARD = "gnu++14";
				CLANG_CXX_LIBRARY = "libc++";
				CLANG_ENABLE_MODULES = YES;
				CLANG_ENABLE_OBJC_ARC = YES;
				CLANG_ENABLE_OBJC_WEAK = YES;
				CLANG_WARN_BLOCK_CAPTURE_AUTORELEASING = YES;
				CLANG_WARN_BOOL_CONVERSION = YES;
				CLANG_WARN_COMMA = YES;
				CLANG_WARN_CONSTANT_CONVERSION = YES;
				CLANG_WARN_DEPRECATED_OBJC_IMPLEMENTATIONS = YES;
				CLANG_WARN_DIRECT_OBJC_ISA_USAGE = YES_ERROR;
				CLANG_WARN_DOCUMENTATION_COMMENTS = YES;
				CLANG_WARN_EMPTY_BODY = YES;
				CLANG_WARN_ENUM_CONVERSION = YES;
				CLANG_WARN_INFINITE_RECURSION = YES;
				CLANG_WARN_INT_CONVERSION = YES;
				CLANG_WARN_NON_LITERAL_NULL_CONVERSION = YES;
				CLANG_WARN_OBJC_IMPLICIT_RETAIN_SELF = YES;
				CLANG_WARN_OBJC_LITERAL_CONVERSION = YES;
				CLANG_WARN_OBJC_ROOT_CLASS = YES_ERROR;
				CLANG_WARN_QUOTED_INCLUDE_IN_FRAMEWORK_HEADER = YES;
				CLANG_WARN_RANGE_LOOP_ANALYSIS = YES;
				CLANG_WARN_STRICT_PROTOTYPES = YES;
				CLANG_WARN_SUSPICIOUS_MOVE = YES;
				CLANG_WARN_UNGUARDED_AVAILABILITY = YES_AGGRESSIVE;
				CLANG_WARN_UNREACHABLE_CODE = YES;
				CLANG_WARN__DUPLICATE_METHOD_MATCH = YES;
				COPY_PHASE_STRIP = NO;
				DEBUG_INFORMATION_FORMAT = "dwarf-with-dsym";
				ENABLE_NS_ASSERTIONS = NO;
				ENABLE_STRICT_OBJC_MSGSEND = YES;
				GCC_C_LANGUAGE_STANDARD = gnu11;
				GCC_NO_COMMON_BLOCKS = YES;
				GCC_WARN_64_TO_32_BIT_CONVERSION = YES;
				GCC_WARN_ABOUT_RETURN_TYPE = YES_ERROR;
				GCC_WARN_UNDECLARED_SELECTOR = YES;
				GCC_WARN_UNINITIALIZED_AUTOS = YES_AGGRESSIVE;
				GCC_WARN_UNUSED_FUNCTION = YES;
				GCC_WARN_UNUSED_VARIABLE = YES;
				IPHONEOS_DEPLOYMENT_TARGET = 14.3;
				MTL_ENABLE_DEBUG_INFO = NO;
				MTL_FAST_MATH = YES;
				SDKROOT = iphoneos;
				SWIFT_COMPILATION_MODE = wholemodule;
				SWIFT_OPTIMIZATION_LEVEL = "-O";
				VALIDATE_PRODUCT = YES;
			};
			name = Release;
		};
		8090D42F26AB7E9C00CD7BBD /* Debug */ = {
			isa = XCBuildConfiguration;
			buildSettings = {
				ASSETCATALOG_COMPILER_APPICON_NAME = AppIcon;
				ASSETCATALOG_COMPILER_GLOBAL_ACCENT_COLOR_NAME = AccentColor;
				CODE_SIGN_STYLE = Automatic;
				DEVELOPMENT_TEAM = 84AGHMM3ER;
				INFOPLIST_FILE = FallBlocks2/Info.plist;
				LD_RUNPATH_SEARCH_PATHS = (
					"$(inherited)",
					"@executable_path/Frameworks",
				);
				PRODUCT_BUNDLE_IDENTIFIER = com.BrendanReese.FallBlocks2;
				PRODUCT_NAME = "$(TARGET_NAME)";
				SWIFT_VERSION = 5.0;
				TARGETED_DEVICE_FAMILY = "1,2";
			};
			name = Debug;
		};
		8090D43026AB7E9C00CD7BBD /* Release */ = {
			isa = XCBuildConfiguration;
			buildSettings = {
				ASSETCATALOG_COMPILER_APPICON_NAME = AppIcon;
				ASSETCATALOG_COMPILER_GLOBAL_ACCENT_COLOR_NAME = AccentColor;
				CODE_SIGN_STYLE = Automatic;
				DEVELOPMENT_TEAM = 84AGHMM3ER;
				INFOPLIST_FILE = FallBlocks2/Info.plist;
				LD_RUNPATH_SEARCH_PATHS = (
					"$(inherited)",
					"@executable_path/Frameworks",
				);
				PRODUCT_BUNDLE_IDENTIFIER = com.BrendanReese.FallBlocks2;
				PRODUCT_NAME = "$(TARGET_NAME)";
				SWIFT_VERSION = 5.0;
				TARGETED_DEVICE_FAMILY = "1,2";
			};
			name = Release;
		};
/* End XCBuildConfiguration section */

/* Begin XCConfigurationList section */
		8090D41526AB7E9A00CD7BBD /* Build configuration list for PBXProject "FallBlocks2" */ = {
			isa = XCConfigurationList;
			buildConfigurations = (
				8090D42C26AB7E9C00CD7BBD /* Debug */,
				8090D42D26AB7E9C00CD7BBD /* Release */,
			);
			defaultConfigurationIsVisible = 0;
			defaultConfigurationName = Release;
		};
		8090D42E26AB7E9C00CD7BBD /* Build configuration list for PBXNativeTarget "FallBlocks2" */ = {
			isa = XCConfigurationList;
			buildConfigurations = (
				8090D42F26AB7E9C00CD7BBD /* Debug */,
				8090D43026AB7E9C00CD7BBD /* Release */,
			);
			defaultConfigurationIsVisible = 0;
			defaultConfigurationName = Release;
		};
/* End XCConfigurationList section */
	};
	rootObject = 8090D41226AB7E9A00CD7BBD /* Project object */;
}
